
Microsoft Visual Studio Solution File, Format Version 10.00
# Visual Studio 2008
Project("{8BC9CEB8-8B4A-11D0-8D11-00A0C91BC942}") = "ThreadTest", "ThreadTest\ThreadTest.vcproj", "{ED5BB36F-61FB-4269-81AC-F4F36FA34C91}"
EndProject
Global
	GlobalSection(SolutionConfigurationPlatforms) = preSolution
		Debug|Win32 = Debug|Win32
		Release|Win32 = Release|Win32
	EndGlobalSection
	GlobalSection(ProjectConfigurationPlatforms) = postSolution
		{ED5BB36F-61FB-4269-81AC-F4F36FA34C91}.Debug|Win32.ActiveCfg = Debug|Win32
		{ED5BB36F-61FB-4269-81AC-F4F36FA34C91}.Debug|Win32.Build.0 = Debug|Win32
		{ED5BB36F-61FB-4269-81AC-F4F36FA34C91}.Release|Win32.ActiveCfg = Release|Win32
		{ED5BB36F-61FB-4269-81AC-F4F36FA34C91}.Release|Win32.Build.0 = Release|Win32
	EndGlobalSection
	GlobalSection(SolutionProperties) = preSolution
		HideSolutionNode = FALSE
	EndGlobalSection
EndGlobal
