
Microsoft Visual Studio Solution File, Format Version 10.00
# Visual Studio 2008
Project("{8BC9CEB8-8B4A-11D0-8D11-00A0C91BC942}") = "constptr_and_ptrtoconst", "constptr_and_ptrtoconst\constptr_and_ptrtoconst.vcproj", "{F94F5B84-70AC-495B-9CC5-95E16255DBA9}"
EndProject
Global
	GlobalSection(SolutionConfigurationPlatforms) = preSolution
		Debug|Win32 = Debug|Win32
		Release|Win32 = Release|Win32
	EndGlobalSection
	GlobalSection(ProjectConfigurationPlatforms) = postSolution
		{F94F5B84-70AC-495B-9CC5-95E16255DBA9}.Debug|Win32.ActiveCfg = Debug|Win32
		{F94F5B84-70AC-495B-9CC5-95E16255DBA9}.Debug|Win32.Build.0 = Debug|Win32
		{F94F5B84-70AC-495B-9CC5-95E16255DBA9}.Release|Win32.ActiveCfg = Release|Win32
		{F94F5B84-70AC-495B-9CC5-95E16255DBA9}.Release|Win32.Build.0 = Release|Win32
	EndGlobalSection
	GlobalSection(SolutionProperties) = preSolution
		HideSolutionNode = FALSE
	EndGlobalSection
EndGlobal
